
Microsoft Visual Studio Solution File, Format Version 12.00
# Visual Studio Version 17
VisualStudioVersion = 17.5.33516.290
MinimumVisualStudioVersion = 10.0.40219.1
Project("{2150E333-8FDC-42A3-9474-1A3956D46DE8}") = "TestContest", "TestContest", "{87A68A20-CF8E-4BCD-844E-225344A8E7C1}"
EndProject
Project("{2150E333-8FDC-42A3-9474-1A3956D46DE8}") = "RealContest", "RealContest", "{7D9701E2-E4DE-4777-9196-323A6FDC4C9B}"
EndProject
Project("{9A19103F-16F7-4668-BE54-9A1E7A4F7556}") = "00. Template", "TestContest\0. Template\00. Template.csproj", "{F1B8FBD4-B8F1-4C66-AB23-0FAEAF588B71}"
EndProject
Project("{9A19103F-16F7-4668-BE54-9A1E7A4F7556}") = "01. Морской бой", "TestContest\1. Морской бой\01. Морской бой.csproj", "{510DA6AF-2B35-4259-96DE-27D37916D32B}"
EndProject
Project("{9A19103F-16F7-4668-BE54-9A1E7A4F7556}") = "02. Проверка даты", "TestContest\2. Проверка даты\02. Проверка даты.csproj", "{23E9D676-DE37-4575-ACC9-259004789393}"
EndProject
Project("{9A19103F-16F7-4668-BE54-9A1E7A4F7556}") = "03. Автомобильные номера", "TestContest\3. Автомобильные номера\03. Автомобильные номера.csproj", "{C767DBAC-442E-41E4-B2FE-F80D50B3532F}"
EndProject
Project("{9A19103F-16F7-4668-BE54-9A1E7A4F7556}") = "04. Битва за кондиционер", "TestContest\4. Битва за кондиционер\04. Битва за кондиционер.csproj", "{2B025A12-6D51-4E12-9975-C8A7726AA03E}"
EndProject
Project("{9A19103F-16F7-4668-BE54-9A1E7A4F7556}") = "05. Компрессия данных", "TestContest\5. Компрессия данных\05. Компрессия данных.csproj", "{97DD6CD7-5712-4D63-A51D-E53FCCD99154}"
EndProject
Project("{9A19103F-16F7-4668-BE54-9A1E7A4F7556}") = "06. Терминал", "TestContest\6. Терминал\06. Терминал.csproj", "{7B873DEA-9E94-4230-8F56-61B4A55FED0A}"
EndProject
Project("{9A19103F-16F7-4668-BE54-9A1E7A4F7556}") = "07. Печать документа", "TestContest\7. Печать документа\07. Печать документа.csproj", "{F91E3082-DD28-484D-85E0-3B4BA99B1B80}"
EndProject
Project("{9A19103F-16F7-4668-BE54-9A1E7A4F7556}") = "08. 3-Покер", "TestContest\8. 3-Покер\08. 3-Покер.csproj", "{F0F818FB-B5A3-47C5-90BB-49EB8F2830CB}"
EndProject
Project("{9A19103F-16F7-4668-BE54-9A1E7A4F7556}") = "09. Анализ игрового поля", "TestContest\9. Анализ игрового поля\09. Анализ игрового поля.csproj", "{61A530E0-4F72-40FB-89A2-DCAB406AC358}"
EndProject
Project("{9A19103F-16F7-4668-BE54-9A1E7A4F7556}") = "10. Дерево комментариев", "TestContest\10. Дерево комментариев\10. Дерево комментариев.csproj", "{E1BAB97D-D011-4E84-B9F2-B0A4709258CB}"
EndProject
Project("{9A19103F-16F7-4668-BE54-9A1E7A4F7556}") = "0. Template", "RealContest\0. Template\0. Template.csproj", "{F7571708-CCE6-457C-BDD0-A0DB35D24858}"
EndProject
Project("{9A19103F-16F7-4668-BE54-9A1E7A4F7556}") = "1. Разность чисел", "RealContest\1. Разность чисел\1. Разность чисел.csproj", "{4B01D55D-AFFC-4C1F-AFD3-FEF133F85609}"
EndProject
Project("{9A19103F-16F7-4668-BE54-9A1E7A4F7556}") = "2. Ошибка округления", "RealContest\2. Ошибка округления\2. Ошибка округления.csproj", "{90195952-F2EB-4638-8D2C-4157A931BA6C}"
EndProject
Project("{9A19103F-16F7-4668-BE54-9A1E7A4F7556}") = "3. Система высокой нагрузки", "RealContest\3. Система высокой нагрузки\3. Система высокой нагрузки.csproj", "{84E59338-86EE-4E32-916E-F056AABA97A5}"
EndProject
Project("{9A19103F-16F7-4668-BE54-9A1E7A4F7556}") = "4. ASCII-роботы", "RealContest\4. ASCII-роботы\4. ASCII-роботы.csproj", "{61E1ABCD-3977-4B69-9F25-E65B5F29A025}"
EndProject
Project("{9A19103F-16F7-4668-BE54-9A1E7A4F7556}") = "5. Ваня и вирусный файл (C#)", "RealContest\5. Ваня и вирусный файл (C#)\5. Ваня и вирусный файл (C#).csproj", "{DA5ED229-3E90-4BBC-81E7-1BCCFECEE53C}"
EndProject
Project("{9A19103F-16F7-4668-BE54-9A1E7A4F7556}") = "6. Хорошие отметки", "RealContest\6. Хорошие отметки\6. Хорошие отметки.csproj", "{119766AF-1174-4ED7-B19F-261861F2D464}"
EndProject
Project("{FAE04EC0-301F-11D3-BF4B-00C04F79EFBC}") = "7. Похожие логины", "RealContest\7. Похожие логины\7. Похожие логины.csproj", "{4AAA9EBA-6AC5-4AB6-9EDB-C98F605E7E2A}"
EndProject
Project("{FAE04EC0-301F-11D3-BF4B-00C04F79EFBC}") = "8. k-пила", "RealContest\8. k-пила\8. k-пила.csproj", "{A65A7E58-A984-409E-A692-31CBE6FBCF73}"
EndProject
Project("{FAE04EC0-301F-11D3-BF4B-00C04F79EFBC}") = "9. 3-правильная очередь", "RealContest\9. 3-правильная очередь\9. 3-правильная очередь.csproj", "{CA4C4160-8BE2-4228-B566-DFCDDC10585F}"
EndProject
Global
	GlobalSection(SolutionConfigurationPlatforms) = preSolution
		Debug|Any CPU = Debug|Any CPU
		Release|Any CPU = Release|Any CPU
	EndGlobalSection
	GlobalSection(ProjectConfigurationPlatforms) = postSolution
		{F1B8FBD4-B8F1-4C66-AB23-0FAEAF588B71}.Debug|Any CPU.ActiveCfg = Debug|Any CPU
		{F1B8FBD4-B8F1-4C66-AB23-0FAEAF588B71}.Debug|Any CPU.Build.0 = Debug|Any CPU
		{F1B8FBD4-B8F1-4C66-AB23-0FAEAF588B71}.Release|Any CPU.ActiveCfg = Release|Any CPU
		{F1B8FBD4-B8F1-4C66-AB23-0FAEAF588B71}.Release|Any CPU.Build.0 = Release|Any CPU
		{510DA6AF-2B35-4259-96DE-27D37916D32B}.Debug|Any CPU.ActiveCfg = Debug|Any CPU
		{510DA6AF-2B35-4259-96DE-27D37916D32B}.Debug|Any CPU.Build.0 = Debug|Any CPU
		{510DA6AF-2B35-4259-96DE-27D37916D32B}.Release|Any CPU.ActiveCfg = Release|Any CPU
		{510DA6AF-2B35-4259-96DE-27D37916D32B}.Release|Any CPU.Build.0 = Release|Any CPU
		{23E9D676-DE37-4575-ACC9-259004789393}.Debug|Any CPU.ActiveCfg = Debug|Any CPU
		{23E9D676-DE37-4575-ACC9-259004789393}.Debug|Any CPU.Build.0 = Debug|Any CPU
		{23E9D676-DE37-4575-ACC9-259004789393}.Release|Any CPU.ActiveCfg = Release|Any CPU
		{23E9D676-DE37-4575-ACC9-259004789393}.Release|Any CPU.Build.0 = Release|Any CPU
		{C767DBAC-442E-41E4-B2FE-F80D50B3532F}.Debug|Any CPU.ActiveCfg = Debug|Any CPU
		{C767DBAC-442E-41E4-B2FE-F80D50B3532F}.Debug|Any CPU.Build.0 = Debug|Any CPU
		{C767DBAC-442E-41E4-B2FE-F80D50B3532F}.Release|Any CPU.ActiveCfg = Release|Any CPU
		{C767DBAC-442E-41E4-B2FE-F80D50B3532F}.Release|Any CPU.Build.0 = Release|Any CPU
		{2B025A12-6D51-4E12-9975-C8A7726AA03E}.Debug|Any CPU.ActiveCfg = Debug|Any CPU
		{2B025A12-6D51-4E12-9975-C8A7726AA03E}.Debug|Any CPU.Build.0 = Debug|Any CPU
		{2B025A12-6D51-4E12-9975-C8A7726AA03E}.Release|Any CPU.ActiveCfg = Release|Any CPU
		{2B025A12-6D51-4E12-9975-C8A7726AA03E}.Release|Any CPU.Build.0 = Release|Any CPU
		{97DD6CD7-5712-4D63-A51D-E53FCCD99154}.Debug|Any CPU.ActiveCfg = Debug|Any CPU
		{97DD6CD7-5712-4D63-A51D-E53FCCD99154}.Debug|Any CPU.Build.0 = Debug|Any CPU
		{97DD6CD7-5712-4D63-A51D-E53FCCD99154}.Release|Any CPU.ActiveCfg = Release|Any CPU
		{97DD6CD7-5712-4D63-A51D-E53FCCD99154}.Release|Any CPU.Build.0 = Release|Any CPU
		{7B873DEA-9E94-4230-8F56-61B4A55FED0A}.Debug|Any CPU.ActiveCfg = Debug|Any CPU
		{7B873DEA-9E94-4230-8F56-61B4A55FED0A}.Debug|Any CPU.Build.0 = Debug|Any CPU
		{7B873DEA-9E94-4230-8F56-61B4A55FED0A}.Release|Any CPU.ActiveCfg = Release|Any CPU
		{7B873DEA-9E94-4230-8F56-61B4A55FED0A}.Release|Any CPU.Build.0 = Release|Any CPU
		{F91E3082-DD28-484D-85E0-3B4BA99B1B80}.Debug|Any CPU.ActiveCfg = Debug|Any CPU
		{F91E3082-DD28-484D-85E0-3B4BA99B1B80}.Debug|Any CPU.Build.0 = Debug|Any CPU
		{F91E3082-DD28-484D-85E0-3B4BA99B1B80}.Release|Any CPU.ActiveCfg = Release|Any CPU
		{F91E3082-DD28-484D-85E0-3B4BA99B1B80}.Release|Any CPU.Build.0 = Release|Any CPU
		{F0F818FB-B5A3-47C5-90BB-49EB8F2830CB}.Debug|Any CPU.ActiveCfg = Debug|Any CPU
		{F0F818FB-B5A3-47C5-90BB-49EB8F2830CB}.Debug|Any CPU.Build.0 = Debug|Any CPU
		{F0F818FB-B5A3-47C5-90BB-49EB8F2830CB}.Release|Any CPU.ActiveCfg = Release|Any CPU
		{F0F818FB-B5A3-47C5-90BB-49EB8F2830CB}.Release|Any CPU.Build.0 = Release|Any CPU
		{61A530E0-4F72-40FB-89A2-DCAB406AC358}.Debug|Any CPU.ActiveCfg = Debug|Any CPU
		{61A530E0-4F72-40FB-89A2-DCAB406AC358}.Debug|Any CPU.Build.0 = Debug|Any CPU
		{61A530E0-4F72-40FB-89A2-DCAB406AC358}.Release|Any CPU.ActiveCfg = Release|Any CPU
		{61A530E0-4F72-40FB-89A2-DCAB406AC358}.Release|Any CPU.Build.0 = Release|Any CPU
		{E1BAB97D-D011-4E84-B9F2-B0A4709258CB}.Debug|Any CPU.ActiveCfg = Debug|Any CPU
		{E1BAB97D-D011-4E84-B9F2-B0A4709258CB}.Debug|Any CPU.Build.0 = Debug|Any CPU
		{E1BAB97D-D011-4E84-B9F2-B0A4709258CB}.Release|Any CPU.ActiveCfg = Release|Any CPU
		{E1BAB97D-D011-4E84-B9F2-B0A4709258CB}.Release|Any CPU.Build.0 = Release|Any CPU
		{F7571708-CCE6-457C-BDD0-A0DB35D24858}.Debug|Any CPU.ActiveCfg = Debug|Any CPU
		{F7571708-CCE6-457C-BDD0-A0DB35D24858}.Debug|Any CPU.Build.0 = Debug|Any CPU
		{F7571708-CCE6-457C-BDD0-A0DB35D24858}.Release|Any CPU.ActiveCfg = Release|Any CPU
		{F7571708-CCE6-457C-BDD0-A0DB35D24858}.Release|Any CPU.Build.0 = Release|Any CPU
		{4B01D55D-AFFC-4C1F-AFD3-FEF133F85609}.Debug|Any CPU.ActiveCfg = Debug|Any CPU
		{4B01D55D-AFFC-4C1F-AFD3-FEF133F85609}.Debug|Any CPU.Build.0 = Debug|Any CPU
		{4B01D55D-AFFC-4C1F-AFD3-FEF133F85609}.Release|Any CPU.ActiveCfg = Release|Any CPU
		{4B01D55D-AFFC-4C1F-AFD3-FEF133F85609}.Release|Any CPU.Build.0 = Release|Any CPU
		{90195952-F2EB-4638-8D2C-4157A931BA6C}.Debug|Any CPU.ActiveCfg = Debug|Any CPU
		{90195952-F2EB-4638-8D2C-4157A931BA6C}.Debug|Any CPU.Build.0 = Debug|Any CPU
		{90195952-F2EB-4638-8D2C-4157A931BA6C}.Release|Any CPU.ActiveCfg = Release|Any CPU
		{90195952-F2EB-4638-8D2C-4157A931BA6C}.Release|Any CPU.Build.0 = Release|Any CPU
		{84E59338-86EE-4E32-916E-F056AABA97A5}.Debug|Any CPU.ActiveCfg = Debug|Any CPU
		{84E59338-86EE-4E32-916E-F056AABA97A5}.Debug|Any CPU.Build.0 = Debug|Any CPU
		{84E59338-86EE-4E32-916E-F056AABA97A5}.Release|Any CPU.ActiveCfg = Release|Any CPU
		{84E59338-86EE-4E32-916E-F056AABA97A5}.Release|Any CPU.Build.0 = Release|Any CPU
		{61E1ABCD-3977-4B69-9F25-E65B5F29A025}.Debug|Any CPU.ActiveCfg = Debug|Any CPU
		{61E1ABCD-3977-4B69-9F25-E65B5F29A025}.Debug|Any CPU.Build.0 = Debug|Any CPU
		{61E1ABCD-3977-4B69-9F25-E65B5F29A025}.Release|Any CPU.ActiveCfg = Release|Any CPU
		{61E1ABCD-3977-4B69-9F25-E65B5F29A025}.Release|Any CPU.Build.0 = Release|Any CPU
		{DA5ED229-3E90-4BBC-81E7-1BCCFECEE53C}.Debug|Any CPU.ActiveCfg = Debug|Any CPU
		{DA5ED229-3E90-4BBC-81E7-1BCCFECEE53C}.Debug|Any CPU.Build.0 = Debug|Any CPU
		{DA5ED229-3E90-4BBC-81E7-1BCCFECEE53C}.Release|Any CPU.ActiveCfg = Release|Any CPU
		{DA5ED229-3E90-4BBC-81E7-1BCCFECEE53C}.Release|Any CPU.Build.0 = Release|Any CPU
		{119766AF-1174-4ED7-B19F-261861F2D464}.Debug|Any CPU.ActiveCfg = Debug|Any CPU
		{119766AF-1174-4ED7-B19F-261861F2D464}.Debug|Any CPU.Build.0 = Debug|Any CPU
		{119766AF-1174-4ED7-B19F-261861F2D464}.Release|Any CPU.ActiveCfg = Release|Any CPU
		{119766AF-1174-4ED7-B19F-261861F2D464}.Release|Any CPU.Build.0 = Release|Any CPU
		{4AAA9EBA-6AC5-4AB6-9EDB-C98F605E7E2A}.Debug|Any CPU.ActiveCfg = Debug|Any CPU
		{4AAA9EBA-6AC5-4AB6-9EDB-C98F605E7E2A}.Debug|Any CPU.Build.0 = Debug|Any CPU
		{4AAA9EBA-6AC5-4AB6-9EDB-C98F605E7E2A}.Release|Any CPU.ActiveCfg = Release|Any CPU
		{4AAA9EBA-6AC5-4AB6-9EDB-C98F605E7E2A}.Release|Any CPU.Build.0 = Release|Any CPU
		{A65A7E58-A984-409E-A692-31CBE6FBCF73}.Debug|Any CPU.ActiveCfg = Debug|Any CPU
		{A65A7E58-A984-409E-A692-31CBE6FBCF73}.Debug|Any CPU.Build.0 = Debug|Any CPU
		{A65A7E58-A984-409E-A692-31CBE6FBCF73}.Release|Any CPU.ActiveCfg = Release|Any CPU
		{A65A7E58-A984-409E-A692-31CBE6FBCF73}.Release|Any CPU.Build.0 = Release|Any CPU
		{CA4C4160-8BE2-4228-B566-DFCDDC10585F}.Debug|Any CPU.ActiveCfg = Debug|Any CPU
		{CA4C4160-8BE2-4228-B566-DFCDDC10585F}.Debug|Any CPU.Build.0 = Debug|Any CPU
		{CA4C4160-8BE2-4228-B566-DFCDDC10585F}.Release|Any CPU.ActiveCfg = Release|Any CPU
		{CA4C4160-8BE2-4228-B566-DFCDDC10585F}.Release|Any CPU.Build.0 = Release|Any CPU
	EndGlobalSection
	GlobalSection(SolutionProperties) = preSolution
		HideSolutionNode = FALSE
	EndGlobalSection
	GlobalSection(NestedProjects) = preSolution
		{F1B8FBD4-B8F1-4C66-AB23-0FAEAF588B71} = {87A68A20-CF8E-4BCD-844E-225344A8E7C1}
		{510DA6AF-2B35-4259-96DE-27D37916D32B} = {87A68A20-CF8E-4BCD-844E-225344A8E7C1}
		{23E9D676-DE37-4575-ACC9-259004789393} = {87A68A20-CF8E-4BCD-844E-225344A8E7C1}
		{C767DBAC-442E-41E4-B2FE-F80D50B3532F} = {87A68A20-CF8E-4BCD-844E-225344A8E7C1}
		{2B025A12-6D51-4E12-9975-C8A7726AA03E} = {87A68A20-CF8E-4BCD-844E-225344A8E7C1}
		{97DD6CD7-5712-4D63-A51D-E53FCCD99154} = {87A68A20-CF8E-4BCD-844E-225344A8E7C1}
		{7B873DEA-9E94-4230-8F56-61B4A55FED0A} = {87A68A20-CF8E-4BCD-844E-225344A8E7C1}
		{F91E3082-DD28-484D-85E0-3B4BA99B1B80} = {87A68A20-CF8E-4BCD-844E-225344A8E7C1}
		{F0F818FB-B5A3-47C5-90BB-49EB8F2830CB} = {87A68A20-CF8E-4BCD-844E-225344A8E7C1}
		{61A530E0-4F72-40FB-89A2-DCAB406AC358} = {87A68A20-CF8E-4BCD-844E-225344A8E7C1}
		{E1BAB97D-D011-4E84-B9F2-B0A4709258CB} = {87A68A20-CF8E-4BCD-844E-225344A8E7C1}
		{F7571708-CCE6-457C-BDD0-A0DB35D24858} = {7D9701E2-E4DE-4777-9196-323A6FDC4C9B}
		{4B01D55D-AFFC-4C1F-AFD3-FEF133F85609} = {7D9701E2-E4DE-4777-9196-323A6FDC4C9B}
		{90195952-F2EB-4638-8D2C-4157A931BA6C} = {7D9701E2-E4DE-4777-9196-323A6FDC4C9B}
		{84E59338-86EE-4E32-916E-F056AABA97A5} = {7D9701E2-E4DE-4777-9196-323A6FDC4C9B}
		{61E1ABCD-3977-4B69-9F25-E65B5F29A025} = {7D9701E2-E4DE-4777-9196-323A6FDC4C9B}
		{DA5ED229-3E90-4BBC-81E7-1BCCFECEE53C} = {7D9701E2-E4DE-4777-9196-323A6FDC4C9B}
		{119766AF-1174-4ED7-B19F-261861F2D464} = {7D9701E2-E4DE-4777-9196-323A6FDC4C9B}
		{4AAA9EBA-6AC5-4AB6-9EDB-C98F605E7E2A} = {7D9701E2-E4DE-4777-9196-323A6FDC4C9B}
		{A65A7E58-A984-409E-A692-31CBE6FBCF73} = {7D9701E2-E4DE-4777-9196-323A6FDC4C9B}
		{CA4C4160-8BE2-4228-B566-DFCDDC10585F} = {7D9701E2-E4DE-4777-9196-323A6FDC4C9B}
	EndGlobalSection
	GlobalSection(ExtensibilityGlobals) = postSolution
		SolutionGuid = {C7432D6C-AFDC-4DBD-B204-0F9E98284127}
	EndGlobalSection
EndGlobal
